
Microsoft Visual Studio Solution File, Format Version 12.00
# Visual Studio Version 16
VisualStudioVersion = 16.0.29102.190
MinimumVisualStudioVersion = 10.0.40219.1
Project("{FAE04EC0-301F-11D3-BF4B-00C04F79EFBC}") = "dotnet-core-simple-session-client", "dotnet-core-simple-session-client\dotnet-core-simple-session-client.csproj", "{3022E46D-C67F-4A5E-A77E-BB397C1B2465}"
EndProject
Project("{FAE04EC0-301F-11D3-BF4B-00C04F79EFBC}") = "Demo", "Demo\Demo.csproj", "{54AD6940-C466-46E1-8BDE-001016FED88A}"
EndProject
Global
	GlobalSection(SolutionConfigurationPlatforms) = preSolution
		Debug|Any CPU = Debug|Any CPU
		Release|Any CPU = Release|Any CPU
	EndGlobalSection
	GlobalSection(ProjectConfigurationPlatforms) = postSolution
		{3022E46D-C67F-4A5E-A77E-BB397C1B2465}.Debug|Any CPU.ActiveCfg = Debug|Any CPU
		{3022E46D-C67F-4A5E-A77E-BB397C1B2465}.Debug|Any CPU.Build.0 = Debug|Any CPU
		{3022E46D-C67F-4A5E-A77E-BB397C1B2465}.Release|Any CPU.ActiveCfg = Release|Any CPU
		{3022E46D-C67F-4A5E-A77E-BB397C1B2465}.Release|Any CPU.Build.0 = Release|Any CPU
		{54AD6940-C466-46E1-8BDE-001016FED88A}.Debug|Any CPU.ActiveCfg = Debug|Any CPU
		{54AD6940-C466-46E1-8BDE-001016FED88A}.Debug|Any CPU.Build.0 = Debug|Any CPU
		{54AD6940-C466-46E1-8BDE-001016FED88A}.Release|Any CPU.ActiveCfg = Release|Any CPU
		{54AD6940-C466-46E1-8BDE-001016FED88A}.Release|Any CPU.Build.0 = Release|Any CPU
	EndGlobalSection
	GlobalSection(SolutionProperties) = preSolution
		HideSolutionNode = FALSE
	EndGlobalSection
	GlobalSection(ExtensibilityGlobals) = postSolution
		SolutionGuid = {1DFFCD5A-606A-45C9-838A-586D92CB66EF}
	EndGlobalSection
EndGlobal
